// !$*UTF8*$!
{
	archiveVersion = 1;
	classes = {
	};
	objectVersion = 56;
	objects = {

/* Begin PBXBuildFile section */
		014427BA26D91FDC06670103 /* Pods_TestAllModels_TestAllModelsUITests.framework in Frameworks */ = {isa = PBXBuildFile; fileRef = 12B98D9F7232CE4924FAB7EF /* Pods_TestAllModels_TestAllModelsUITests.framework */; };
		77D2B8462BFD60995C5D6AD7 /* Pods_TestAllModels.framework in Frameworks */ = {isa = PBXBuildFile; fileRef = E8BBFD57CFCA04F7AD8F45BD /* Pods_TestAllModels.framework */; };
		D256D8C82956D9EA000D1D09 /* AppDelegate.swift in Sources */ = {isa = PBXBuildFile; fileRef = D256D8C72956D9EA000D1D09 /* AppDelegate.swift */; };
		D256D8CA2956D9EA000D1D09 /* SceneDelegate.swift in Sources */ = {isa = PBXBuildFile; fileRef = D256D8C92956D9EA000D1D09 /* SceneDelegate.swift */; };
		D256D8CC2956D9EA000D1D09 /* ViewController.swift in Sources */ = {isa = PBXBuildFile; fileRef = D256D8CB2956D9EA000D1D09 /* ViewController.swift */; };
		D256D8CF2956D9EA000D1D09 /* Main.storyboard in Resources */ = {isa = PBXBuildFile; fileRef = D256D8CD2956D9EA000D1D09 /* Main.storyboard */; };
		D256D8D12956D9EB000D1D09 /* Assets.xcassets in Resources */ = {isa = PBXBuildFile; fileRef = D256D8D02956D9EB000D1D09 /* Assets.xcassets */; };
		D256D8D42956D9EB000D1D09 /* LaunchScreen.storyboard in Resources */ = {isa = PBXBuildFile; fileRef = D256D8D22956D9EB000D1D09 /* LaunchScreen.storyboard */; };
		D256D8DF2956D9EB000D1D09 /* TestAllModelsTests.swift in Sources */ = {isa = PBXBuildFile; fileRef = D256D8DE2956D9EB000D1D09 /* TestAllModelsTests.swift */; };
		D256D8E92956D9EB000D1D09 /* TestAllModelsUITests.swift in Sources */ = {isa = PBXBuildFile; fileRef = D256D8E82956D9EB000D1D09 /* TestAllModelsUITests.swift */; };
		D256D8EB2956D9EB000D1D09 /* TestAllModelsUITestsLaunchTests.swift in Sources */ = {isa = PBXBuildFile; fileRef = D256D8EA2956D9EB000D1D09 /* TestAllModelsUITestsLaunchTests.swift */; };
		EDB38B78F21EC4DA761DA6F5 /* Pods_TestAllModelsTests.framework in Frameworks */ = {isa = PBXBuildFile; fileRef = E7E1AF6CFCFAC13ACD1BCF12 /* Pods_TestAllModelsTests.framework */; };
/* End PBXBuildFile section */

/* Begin PBXContainerItemProxy section */
		D256D8DB2956D9EB000D1D09 /* PBXContainerItemProxy */ = {
			isa = PBXContainerItemProxy;
			containerPortal = D256D8BC2956D9EA000D1D09 /* Project object */;
			proxyType = 1;
			remoteGlobalIDString = D256D8C32956D9EA000D1D09;
			remoteInfo = TestAllModels;
		};
		D256D8E52956D9EB000D1D09 /* PBXContainerItemProxy */ = {
			isa = PBXContainerItemProxy;
			containerPortal = D256D8BC2956D9EA000D1D09 /* Project object */;
			proxyType = 1;
			remoteGlobalIDString = D256D8C32956D9EA000D1D09;
			remoteInfo = TestAllModels;
		};
/* End PBXContainerItemProxy section */

/* Begin PBXFileReference section */
		12B98D9F7232CE4924FAB7EF /* Pods_TestAllModels_TestAllModelsUITests.framework */ = {isa = PBXFileReference; explicitFileType = wrapper.framework; includeInIndex = 0; path = Pods_TestAllModels_TestAllModelsUITests.framework; sourceTree = BUILT_PRODUCTS_DIR; };
		164F24947C30900A8C88FE99 /* Pods-TestAllModelsTests.debug.xcconfig */ = {isa = PBXFileReference; includeInIndex = 1; lastKnownFileType = text.xcconfig; name = "Pods-TestAllModelsTests.debug.xcconfig"; path = "Target Support Files/Pods-TestAllModelsTests/Pods-TestAllModelsTests.debug.xcconfig"; sourceTree = "<group>"; };
		48A0CC309C4E6EAD241CEED9 /* Pods-TestAllModels.debug.xcconfig */ = {isa = PBXFileReference; includeInIndex = 1; lastKnownFileType = text.xcconfig; name = "Pods-TestAllModels.debug.xcconfig"; path = "Target Support Files/Pods-TestAllModels/Pods-TestAllModels.debug.xcconfig"; sourceTree = "<group>"; };
		5A65857266CD0B47D3776884 /* Pods-TestAllModels-TestAllModelsUITests.release.xcconfig */ = {isa = PBXFileReference; includeInIndex = 1; lastKnownFileType = text.xcconfig; name = "Pods-TestAllModels-TestAllModelsUITests.release.xcconfig"; path = "Target Support Files/Pods-TestAllModels-TestAllModelsUITests/Pods-TestAllModels-TestAllModelsUITests.release.xcconfig"; sourceTree = "<group>"; };
		BAFF0AE2F4465E8B5C687C26 /* Pods-TestAllModels.release.xcconfig */ = {isa = PBXFileReference; includeInIndex = 1; lastKnownFileType = text.xcconfig; name = "Pods-TestAllModels.release.xcconfig"; path = "Target Support Files/Pods-TestAllModels/Pods-TestAllModels.release.xcconfig"; sourceTree = "<group>"; };
		BC5F61881D7D060AED5818B7 /* Pods-TestAllModels-TestAllModelsUITests.debug.xcconfig */ = {isa = PBXFileReference; includeInIndex = 1; lastKnownFileType = text.xcconfig; name = "Pods-TestAllModels-TestAllModelsUITests.debug.xcconfig"; path = "Target Support Files/Pods-TestAllModels-TestAllModelsUITests/Pods-TestAllModels-TestAllModelsUITests.debug.xcconfig"; sourceTree = "<group>"; };
		D256D8C42956D9EA000D1D09 /* TestAllModels.app */ = {isa = PBXFileReference; explicitFileType = wrapper.application; includeInIndex = 0; path = TestAllModels.app; sourceTree = BUILT_PRODUCTS_DIR; };
		D256D8C72956D9EA000D1D09 /* AppDelegate.swift */ = {isa = PBXFileReference; lastKnownFileType = sourcecode.swift; path = AppDelegate.swift; sourceTree = "<group>"; };
		D256D8C92956D9EA000D1D09 /* SceneDelegate.swift */ = {isa = PBXFileReference; lastKnownFileType = sourcecode.swift; path = SceneDelegate.swift; sourceTree = "<group>"; };
		D256D8CB2956D9EA000D1D09 /* ViewController.swift */ = {isa = PBXFileReference; lastKnownFileType = sourcecode.swift; path = ViewController.swift; sourceTree = "<group>"; };
		D256D8CE2956D9EA000D1D09 /* Base */ = {isa = PBXFileReference; lastKnownFileType = file.storyboard; name = Base; path = Base.lproj/Main.storyboard; sourceTree = "<group>"; };
		D256D8D02956D9EB000D1D09 /* Assets.xcassets */ = {isa = PBXFileReference; lastKnownFileType = folder.assetcatalog; path = Assets.xcassets; sourceTree = "<group>"; };
		D256D8D32956D9EB000D1D09 /* Base */ = {isa = PBXFileReference; lastKnownFileType = file.storyboard; name = Base; path = Base.lproj/LaunchScreen.storyboard; sourceTree = "<group>"; };
		D256D8D52956D9EB000D1D09 /* Info.plist */ = {isa = PBXFileReference; lastKnownFileType = text.plist.xml; path = Info.plist; sourceTree = "<group>"; };
		D256D8DA2956D9EB000D1D09 /* TestAllModelsTests.xctest */ = {isa = PBXFileReference; explicitFileType = wrapper.cfbundle; includeInIndex = 0; path = TestAllModelsTests.xctest; sourceTree = BUILT_PRODUCTS_DIR; };
		D256D8DE2956D9EB000D1D09 /* TestAllModelsTests.swift */ = {isa = PBXFileReference; lastKnownFileType = sourcecode.swift; path = TestAllModelsTests.swift; sourceTree = "<group>"; };
		D256D8E42956D9EB000D1D09 /* TestAllModelsUITests.xctest */ = {isa = PBXFileReference; explicitFileType = wrapper.cfbundle; includeInIndex = 0; path = TestAllModelsUITests.xctest; sourceTree = BUILT_PRODUCTS_DIR; };
		D256D8E82956D9EB000D1D09 /* TestAllModelsUITests.swift */ = {isa = PBXFileReference; lastKnownFileType = sourcecode.swift; path = TestAllModelsUITests.swift; sourceTree = "<group>"; };
		D256D8EA2956D9EB000D1D09 /* TestAllModelsUITestsLaunchTests.swift */ = {isa = PBXFileReference; lastKnownFileType = sourcecode.swift; path = TestAllModelsUITestsLaunchTests.swift; sourceTree = "<group>"; };
		E7E1AF6CFCFAC13ACD1BCF12 /* Pods_TestAllModelsTests.framework */ = {isa = PBXFileReference; explicitFileType = wrapper.framework; includeInIndex = 0; path = Pods_TestAllModelsTests.framework; sourceTree = BUILT_PRODUCTS_DIR; };
		E8BBFD57CFCA04F7AD8F45BD /* Pods_TestAllModels.framework */ = {isa = PBXFileReference; explicitFileType = wrapper.framework; includeInIndex = 0; path = Pods_TestAllModels.framework; sourceTree = BUILT_PRODUCTS_DIR; };
		F76AD3C7F04D45BDB7E25D43 /* Pods-TestAllModelsTests.release.xcconfig */ = {isa = PBXFileReference; includeInIndex = 1; lastKnownFileType = text.xcconfig; name = "Pods-TestAllModelsTests.release.xcconfig"; path = "Target Support Files/Pods-TestAllModelsTests/Pods-TestAllModelsTests.release.xcconfig"; sourceTree = "<group>"; };
/* End PBXFileReference section */

/* Begin PBXFrameworksBuildPhase section */
		D256D8C12956D9EA000D1D09 /* Frameworks */ = {
			isa = PBXFrameworksBuildPhase;
			buildActionMask = 2147483647;
			files = (
				77D2B8462BFD60995C5D6AD7 /* Pods_TestAllModels.framework in Frameworks */,
			);
			runOnlyForDeploymentPostprocessing = 0;
		};
		D256D8D72956D9EB000D1D09 /* Frameworks */ = {
			isa = PBXFrameworksBuildPhase;
			buildActionMask = 2147483647;
			files = (
				EDB38B78F21EC4DA761DA6F5 /* Pods_TestAllModelsTests.framework in Frameworks */,
			);
			runOnlyForDeploymentPostprocessing = 0;
		};
		D256D8E12956D9EB000D1D09 /* Frameworks */ = {
			isa = PBXFrameworksBuildPhase;
			buildActionMask = 2147483647;
			files = (
				014427BA26D91FDC06670103 /* Pods_TestAllModels_TestAllModelsUITests.framework in Frameworks */,
			);
			runOnlyForDeploymentPostprocessing = 0;
		};
/* End PBXFrameworksBuildPhase section */

/* Begin PBXGroup section */
		7495B71DF67AEB901D20352E /* Frameworks */ = {
			isa = PBXGroup;
			children = (
				E8BBFD57CFCA04F7AD8F45BD /* Pods_TestAllModels.framework */,
				12B98D9F7232CE4924FAB7EF /* Pods_TestAllModels_TestAllModelsUITests.framework */,
				E7E1AF6CFCFAC13ACD1BCF12 /* Pods_TestAllModelsTests.framework */,
			);
			name = Frameworks;
			sourceTree = "<group>";
		};
		B60B6ACE2B51E7F6317D6ABA /* Pods */ = {
			isa = PBXGroup;
			children = (
				48A0CC309C4E6EAD241CEED9 /* Pods-TestAllModels.debug.xcconfig */,
				BAFF0AE2F4465E8B5C687C26 /* Pods-TestAllModels.release.xcconfig */,
				BC5F61881D7D060AED5818B7 /* Pods-TestAllModels-TestAllModelsUITests.debug.xcconfig */,
				5A65857266CD0B47D3776884 /* Pods-TestAllModels-TestAllModelsUITests.release.xcconfig */,
				164F24947C30900A8C88FE99 /* Pods-TestAllModelsTests.debug.xcconfig */,
				F76AD3C7F04D45BDB7E25D43 /* Pods-TestAllModelsTests.release.xcconfig */,
			);
			name = Pods;
			path = Pods;
			sourceTree = "<group>";
		};
		D256D8BB2956D9EA000D1D09 = {
			isa = PBXGroup;
			children = (
				D256D8C62956D9EA000D1D09 /* TestAllModels */,
				D256D8DD2956D9EB000D1D09 /* TestAllModelsTests */,
				D256D8E72956D9EB000D1D09 /* TestAllModelsUITests */,
				D256D8C52956D9EA000D1D09 /* Products */,
				B60B6ACE2B51E7F6317D6ABA /* Pods */,
				7495B71DF67AEB901D20352E /* Frameworks */,
			);
			sourceTree = "<group>";
		};
		D256D8C52956D9EA000D1D09 /* Products */ = {
			isa = PBXGroup;
			children = (
				D256D8C42956D9EA000D1D09 /* TestAllModels.app */,
				D256D8DA2956D9EB000D1D09 /* TestAllModelsTests.xctest */,
				D256D8E42956D9EB000D1D09 /* TestAllModelsUITests.xctest */,
			);
			name = Products;
			sourceTree = "<group>";
		};
		D256D8C62956D9EA000D1D09 /* TestAllModels */ = {
			isa = PBXGroup;
			children = (
				D256D8C72956D9EA000D1D09 /* AppDelegate.swift */,
				D256D8C92956D9EA000D1D09 /* SceneDelegate.swift */,
				D256D8CB2956D9EA000D1D09 /* ViewController.swift */,
				D256D8CD2956D9EA000D1D09 /* Main.storyboard */,
				D256D8D02956D9EB000D1D09 /* Assets.xcassets */,
				D256D8D22956D9EB000D1D09 /* LaunchScreen.storyboard */,
				D256D8D52956D9EB000D1D09 /* Info.plist */,
			);
			path = TestAllModels;
			sourceTree = "<group>";
		};
		D256D8DD2956D9EB000D1D09 /* TestAllModelsTests */ = {
			isa = PBXGroup;
			children = (
				D256D8DE2956D9EB000D1D09 /* TestAllModelsTests.swift */,
			);
			path = TestAllModelsTests;
			sourceTree = "<group>";
		};
		D256D8E72956D9EB000D1D09 /* TestAllModelsUITests */ = {
			isa = PBXGroup;
			children = (
				D256D8E82956D9EB000D1D09 /* TestAllModelsUITests.swift */,
				D256D8EA2956D9EB000D1D09 /* TestAllModelsUITestsLaunchTests.swift */,
			);
			path = TestAllModelsUITests;
			sourceTree = "<group>";
		};
/* End PBXGroup section */

/* Begin PBXNativeTarget section */
		D256D8C32956D9EA000D1D09 /* TestAllModels */ = {
			isa = PBXNativeTarget;
			buildConfigurationList = D256D8EE2956D9EB000D1D09 /* Build configuration list for PBXNativeTarget "TestAllModels" */;
			buildPhases = (
				51CE38EB9CF9F9C0250B0FC5 /* [CP] Check Pods Manifest.lock */,
				D256D8C02956D9EA000D1D09 /* Sources */,
				D256D8C12956D9EA000D1D09 /* Frameworks */,
				D256D8C22956D9EA000D1D09 /* Resources */,
			);
			buildRules = (
			);
			dependencies = (
			);
			name = TestAllModels;
			productName = TestAllModels;
			productReference = D256D8C42956D9EA000D1D09 /* TestAllModels.app */;
			productType = "com.apple.product-type.application";
		};
		D256D8D92956D9EB000D1D09 /* TestAllModelsTests */ = {
			isa = PBXNativeTarget;
			buildConfigurationList = D256D8F12956D9EB000D1D09 /* Build configuration list for PBXNativeTarget "TestAllModelsTests" */;
			buildPhases = (
				06704FE41DBA3961E256A08B /* [CP] Check Pods Manifest.lock */,
				D256D8D62956D9EB000D1D09 /* Sources */,
				D256D8D72956D9EB000D1D09 /* Frameworks */,
				D256D8D82956D9EB000D1D09 /* Resources */,
			);
			buildRules = (
			);
			dependencies = (
				D256D8DC2956D9EB000D1D09 /* PBXTargetDependency */,
			);
			name = TestAllModelsTests;
			productName = TestAllModelsTests;
			productReference = D256D8DA2956D9EB000D1D09 /* TestAllModelsTests.xctest */;
			productType = "com.apple.product-type.bundle.unit-test";
		};
		D256D8E32956D9EB000D1D09 /* TestAllModelsUITests */ = {
			isa = PBXNativeTarget;
			buildConfigurationList = D256D8F42956D9EB000D1D09 /* Build configuration list for PBXNativeTarget "TestAllModelsUITests" */;
			buildPhases = (
				B340EA0BF55FAB664B611470 /* [CP] Check Pods Manifest.lock */,
				D256D8E02956D9EB000D1D09 /* Sources */,
				D256D8E12956D9EB000D1D09 /* Frameworks */,
				D256D8E22956D9EB000D1D09 /* Resources */,
			);
			buildRules = (
			);
			dependencies = (
				D256D8E62956D9EB000D1D09 /* PBXTargetDependency */,
			);
			name = TestAllModelsUITests;
			productName = TestAllModelsUITests;
			productReference = D256D8E42956D9EB000D1D09 /* TestAllModelsUITests.xctest */;
			productType = "com.apple.product-type.bundle.ui-testing";
		};
/* End PBXNativeTarget section */

/* Begin PBXProject section */
		D256D8BC2956D9EA000D1D09 /* Project object */ = {
			isa = PBXProject;
			attributes = {
				BuildIndependentTargetsInParallel = 1;
				LastSwiftUpdateCheck = 1420;
				LastUpgradeCheck = 1420;
				TargetAttributes = {
					D256D8C32956D9EA000D1D09 = {
						CreatedOnToolsVersion = 14.2;
					};
					D256D8D92956D9EB000D1D09 = {
						CreatedOnToolsVersion = 14.2;
						TestTargetID = D256D8C32956D9EA000D1D09;
					};
					D256D8E32956D9EB000D1D09 = {
						CreatedOnToolsVersion = 14.2;
						TestTargetID = D256D8C32956D9EA000D1D09;
					};
				};
			};
			buildConfigurationList = D256D8BF2956D9EA000D1D09 /* Build configuration list for PBXProject "TestAllModels" */;
			compatibilityVersion = "Xcode 14.0";
			developmentRegion = en;
			hasScannedForEncodings = 0;
			knownRegions = (
				en,
				Base,
			);
			mainGroup = D256D8BB2956D9EA000D1D09;
			productRefGroup = D256D8C52956D9EA000D1D09 /* Products */;
			projectDirPath = "";
			projectRoot = "";
			targets = (
				D256D8C32956D9EA000D1D09 /* TestAllModels */,
				D256D8D92956D9EB000D1D09 /* TestAllModelsTests */,
				D256D8E32956D9EB000D1D09 /* TestAllModelsUITests */,
			);
		};
/* End PBXProject section */

/* Begin PBXResourcesBuildPhase section */
		D256D8C22956D9EA000D1D09 /* Resources */ = {
			isa = PBXResourcesBuildPhase;
			buildActionMask = 2147483647;
			files = (
				D256D8D42956D9EB000D1D09 /* LaunchScreen.storyboard in Resources */,
				D256D8D12956D9EB000D1D09 /* Assets.xcassets in Resources */,
				D256D8CF2956D9EA000D1D09 /* Main.storyboard in Resources */,
			);
			runOnlyForDeploymentPostprocessing = 0;
		};
		D256D8D82956D9EB000D1D09 /* Resources */ = {
			isa = PBXResourcesBuildPhase;
			buildActionMask = 2147483647;
			files = (
			);
			runOnlyForDeploymentPostprocessing = 0;
		};
		D256D8E22956D9EB000D1D09 /* Resources */ = {
			isa = PBXResourcesBuildPhase;
			buildActionMask = 2147483647;
			files = (
			);
			runOnlyForDeploymentPostprocessing = 0;
		};
/* End PBXResourcesBuildPhase section */

/* Begin PBXShellScriptBuildPhase section */
		06704FE41DBA3961E256A08B /* [CP] Check Pods Manifest.lock */ = {
			isa = PBXShellScriptBuildPhase;
			buildActionMask = 2147483647;
			files = (
			);
			inputFileListPaths = (
			);
			inputPaths = (
				"${PODS_PODFILE_DIR_PATH}/Podfile.lock",
				"${PODS_ROOT}/Manifest.lock",
			);
			name = "[CP] Check Pods Manifest.lock";
			outputFileListPaths = (
			);
			outputPaths = (
				"$(DERIVED_FILE_DIR)/Pods-TestAllModelsTests-checkManifestLockResult.txt",
			);
			runOnlyForDeploymentPostprocessing = 0;
			shellPath = /bin/sh;
			shellScript = "diff \"${PODS_PODFILE_DIR_PATH}/Podfile.lock\" \"${PODS_ROOT}/Manifest.lock\" > /dev/null\nif [ $? != 0 ] ; then\n    # print error to STDERR\n    echo \"error: The sandbox is not in sync with the Podfile.lock. Run 'pod install' or update your CocoaPods installation.\" >&2\n    exit 1\nfi\n# This output is used by Xcode 'outputs' to avoid re-running this script phase.\necho \"SUCCESS\" > \"${SCRIPT_OUTPUT_FILE_0}\"\n";
			showEnvVarsInLog = 0;
		};
		51CE38EB9CF9F9C0250B0FC5 /* [CP] Check Pods Manifest.lock */ = {
			isa = PBXShellScriptBuildPhase;
			buildActionMask = 2147483647;
			files = (
			);
			inputFileListPaths = (
			);
			inputPaths = (
				"${PODS_PODFILE_DIR_PATH}/Podfile.lock",
				"${PODS_ROOT}/Manifest.lock",
			);
			name = "[CP] Check Pods Manifest.lock";
			outputFileListPaths = (
			);
			outputPaths = (
				"$(DERIVED_FILE_DIR)/Pods-TestAllModels-checkManifestLockResult.txt",
			);
			runOnlyForDeploymentPostprocessing = 0;
			shellPath = /bin/sh;
			shellScript = "diff \"${PODS_PODFILE_DIR_PATH}/Podfile.lock\" \"${PODS_ROOT}/Manifest.lock\" > /dev/null\nif [ $? != 0 ] ; then\n    # print error to STDERR\n    echo \"error: The sandbox is not in sync with the Podfile.lock. Run 'pod install' or update your CocoaPods installation.\" >&2\n    exit 1\nfi\n# This output is used by Xcode 'outputs' to avoid re-running this script phase.\necho \"SUCCESS\" > \"${SCRIPT_OUTPUT_FILE_0}\"\n";
			showEnvVarsInLog = 0;
		};
		B340EA0BF55FAB664B611470 /* [CP] Check Pods Manifest.lock */ = {
			isa = PBXShellScriptBuildPhase;
			buildActionMask = 2147483647;
			files = (
			);
			inputFileListPaths = (
			);
			inputPaths = (
				"${PODS_PODFILE_DIR_PATH}/Podfile.lock",
				"${PODS_ROOT}/Manifest.lock",
			);
			name = "[CP] Check Pods Manifest.lock";
			outputFileListPaths = (
			);
			outputPaths = (
				"$(DERIVED_FILE_DIR)/Pods-TestAllModels-TestAllModelsUITests-checkManifestLockResult.txt",
			);
			runOnlyForDeploymentPostprocessing = 0;
			shellPath = /bin/sh;
			shellScript = "diff \"${PODS_PODFILE_DIR_PATH}/Podfile.lock\" \"${PODS_ROOT}/Manifest.lock\" > /dev/null\nif [ $? != 0 ] ; then\n    # print error to STDERR\n    echo \"error: The sandbox is not in sync with the Podfile.lock. Run 'pod install' or update your CocoaPods installation.\" >&2\n    exit 1\nfi\n# This output is used by Xcode 'outputs' to avoid re-running this script phase.\necho \"SUCCESS\" > \"${SCRIPT_OUTPUT_FILE_0}\"\n";
			showEnvVarsInLog = 0;
		};
/* End PBXShellScriptBuildPhase section */

/* Begin PBXSourcesBuildPhase section */
		D256D8C02956D9EA000D1D09 /* Sources */ = {
			isa = PBXSourcesBuildPhase;
			buildActionMask = 2147483647;
			files = (
				D256D8CC2956D9EA000D1D09 /* ViewController.swift in Sources */,
				D256D8C82956D9EA000D1D09 /* AppDelegate.swift in Sources */,
				D256D8CA2956D9EA000D1D09 /* SceneDelegate.swift in Sources */,
			);
			runOnlyForDeploymentPostprocessing = 0;
		};
		D256D8D62956D9EB000D1D09 /* Sources */ = {
			isa = PBXSourcesBuildPhase;
			buildActionMask = 2147483647;
			files = (
				D256D8DF2956D9EB000D1D09 /* TestAllModelsTests.swift in Sources */,
			);
			runOnlyForDeploymentPostprocessing = 0;
		};
		D256D8E02956D9EB000D1D09 /* Sources */ = {
			isa = PBXSourcesBuildPhase;
			buildActionMask = 2147483647;
			files = (
				D256D8EB2956D9EB000D1D09 /* TestAllModelsUITestsLaunchTests.swift in Sources */,
				D256D8E92956D9EB000D1D09 /* TestAllModelsUITests.swift in Sources */,
			);
			runOnlyForDeploymentPostprocessing = 0;
		};
/* End PBXSourcesBuildPhase section */

/* Begin PBXTargetDependency section */
		D256D8DC2956D9EB000D1D09 /* PBXTargetDependency */ = {
			isa = PBXTargetDependency;
			target = D256D8C32956D9EA000D1D09 /* TestAllModels */;
			targetProxy = D256D8DB2956D9EB000D1D09 /* PBXContainerItemProxy */;
		};
		D256D8E62956D9EB000D1D09 /* PBXTargetDependency */ = {
			isa = PBXTargetDependency;
			target = D256D8C32956D9EA000D1D09 /* TestAllModels */;
			targetProxy = D256D8E52956D9EB000D1D09 /* PBXContainerItemProxy */;
		};
/* End PBXTargetDependency section */

/* Begin PBXVariantGroup section */
		D256D8CD2956D9EA000D1D09 /* Main.storyboard */ = {
			isa = PBXVariantGroup;
			children = (
				D256D8CE2956D9EA000D1D09 /* Base */,
			);
			name = Main.storyboard;
			sourceTree = "<group>";
		};
		D256D8D22956D9EB000D1D09 /* LaunchScreen.storyboard */ = {
			isa = PBXVariantGroup;
			children = (
				D256D8D32956D9EB000D1D09 /* Base */,
			);
			name = LaunchScreen.storyboard;
			sourceTree = "<group>";
		};
/* End PBXVariantGroup section */

/* Begin XCBuildConfiguration section */
		D256D8EC2956D9EB000D1D09 /* Debug */ = {
			isa = XCBuildConfiguration;
			buildSettings = {
				ALWAYS_SEARCH_USER_PATHS = NO;
				CLANG_ANALYZER_NONNULL = YES;
				CLANG_ANALYZER_NUMBER_OBJECT_CONVERSION = YES_AGGRESSIVE;
				CLANG_CXX_LANGUAGE_STANDARD = "gnu++20";
				CLANG_ENABLE_MODULES = YES;
				CLANG_ENABLE_OBJC_ARC = YES;
				CLANG_ENABLE_OBJC_WEAK = YES;
				CLANG_WARN_BLOCK_CAPTURE_AUTORELEASING = YES;
				CLANG_WARN_BOOL_CONVERSION = YES;
				CLANG_WARN_COMMA = YES;
				CLANG_WARN_CONSTANT_CONVERSION = YES;
				CLANG_WARN_DEPRECATED_OBJC_IMPLEMENTATIONS = YES;
				CLANG_WARN_DIRECT_OBJC_ISA_USAGE = YES_ERROR;
				CLANG_WARN_DOCUMENTATION_COMMENTS = YES;
				CLANG_WARN_EMPTY_BODY = YES;
				CLANG_WARN_ENUM_CONVERSION = YES;
				CLANG_WARN_INFINITE_RECURSION = YES;
				CLANG_WARN_INT_CONVERSION = YES;
				CLANG_WARN_NON_LITERAL_NULL_CONVERSION = YES;
				CLANG_WARN_OBJC_IMPLICIT_RETAIN_SELF = YES;
				CLANG_WARN_OBJC_LITERAL_CONVERSION = YES;
				CLANG_WARN_OBJC_ROOT_CLASS = YES_ERROR;
				CLANG_WARN_QUOTED_INCLUDE_IN_FRAMEWORK_HEADER = YES;
				CLANG_WARN_RANGE_LOOP_ANALYSIS = YES;
				CLANG_WARN_STRICT_PROTOTYPES = YES;
				CLANG_WARN_SUSPICIOUS_MOVE = YES;
				CLANG_WARN_UNGUARDED_AVAILABILITY = YES_AGGRESSIVE;
				CLANG_WARN_UNREACHABLE_CODE = YES;
				CLANG_WARN__DUPLICATE_METHOD_MATCH = YES;
				COPY_PHASE_STRIP = NO;
				DEBUG_INFORMATION_FORMAT = dwarf;
				ENABLE_STRICT_OBJC_MSGSEND = YES;
				ENABLE_TESTABILITY = YES;
				GCC_C_LANGUAGE_STANDARD = gnu11;
				GCC_DYNAMIC_NO_PIC = NO;
				GCC_NO_COMMON_BLOCKS = YES;
				GCC_OPTIMIZATION_LEVEL = 0;
				GCC_PREPROCESSOR_DEFINITIONS = (
					"DEBUG=1",
					"$(inherited)",
				);
				GCC_WARN_64_TO_32_BIT_CONVERSION = YES;
				GCC_WARN_ABOUT_RETURN_TYPE = YES_ERROR;
				GCC_WARN_UNDECLARED_SELECTOR = YES;
				GCC_WARN_UNINITIALIZED_AUTOS = YES_AGGRESSIVE;
				GCC_WARN_UNUSED_FUNCTION = YES;
				GCC_WARN_UNUSED_VARIABLE = YES;
				IPHONEOS_DEPLOYMENT_TARGET = 16.2;
				MTL_ENABLE_DEBUG_INFO = INCLUDE_SOURCE;
				MTL_FAST_MATH = YES;
				ONLY_ACTIVE_ARCH = YES;
				SDKROOT = iphoneos;
				SWIFT_ACTIVE_COMPILATION_CONDITIONS = DEBUG;
				SWIFT_OPTIMIZATION_LEVEL = "-Onone";
			};
			name = Debug;
		};
		D256D8ED2956D9EB000D1D09 /* Release */ = {
			isa = XCBuildConfiguration;
			buildSettings = {
				ALWAYS_SEARCH_USER_PATHS = NO;
				CLANG_ANALYZER_NONNULL = YES;
				CLANG_ANALYZER_NUMBER_OBJECT_CONVERSION = YES_AGGRESSIVE;
				CLANG_CXX_LANGUAGE_STANDARD = "gnu++20";
				CLANG_ENABLE_MODULES = YES;
				CLANG_ENABLE_OBJC_ARC = YES;
				CLANG_ENABLE_OBJC_WEAK = YES;
				CLANG_WARN_BLOCK_CAPTURE_AUTORELEASING = YES;
				CLANG_WARN_BOOL_CONVERSION = YES;
				CLANG_WARN_COMMA = YES;
				CLANG_WARN_CONSTANT_CONVERSION = YES;
				CLANG_WARN_DEPRECATED_OBJC_IMPLEMENTATIONS = YES;
				CLANG_WARN_DIRECT_OBJC_ISA_USAGE = YES_ERROR;
				CLANG_WARN_DOCUMENTATION_COMMENTS = YES;
				CLANG_WARN_EMPTY_BODY = YES;
				CLANG_WARN_ENUM_CONVERSION = YES;
				CLANG_WARN_INFINITE_RECURSION = YES;
				CLANG_WARN_INT_CONVERSION = YES;
				CLANG_WARN_NON_LITERAL_NULL_CONVERSION = YES;
				CLANG_WARN_OBJC_IMPLICIT_RETAIN_SELF = YES;
				CLANG_WARN_OBJC_LITERAL_CONVERSION = YES;
				CLANG_WARN_OBJC_ROOT_CLASS = YES_ERROR;
				CLANG_WARN_QUOTED_INCLUDE_IN_FRAMEWORK_HEADER = YES;
				CLANG_WARN_RANGE_LOOP_ANALYSIS = YES;
				CLANG_WARN_STRICT_PROTOTYPES = YES;
				CLANG_WARN_SUSPICIOUS_MOVE = YES;
				CLANG_WARN_UNGUARDED_AVAILABILITY = YES_AGGRESSIVE;
				CLANG_WARN_UNREACHABLE_CODE = YES;
				CLANG_WARN__DUPLICATE_METHOD_MATCH = YES;
				COPY_PHASE_STRIP = NO;
				DEBUG_INFORMATION_FORMAT = "dwarf-with-dsym";
				ENABLE_NS_ASSERTIONS = NO;
				ENABLE_STRICT_OBJC_MSGSEND = YES;
				GCC_C_LANGUAGE_STANDARD = gnu11;
				GCC_NO_COMMON_BLOCKS = YES;
				GCC_WARN_64_TO_32_BIT_CONVERSION = YES;
				GCC_WARN_ABOUT_RETURN_TYPE = YES_ERROR;
				GCC_WARN_UNDECLARED_SELECTOR = YES;
				GCC_WARN_UNINITIALIZED_AUTOS = YES_AGGRESSIVE;
				GCC_WARN_UNUSED_FUNCTION = YES;
				GCC_WARN_UNUSED_VARIABLE = YES;
				IPHONEOS_DEPLOYMENT_TARGET = 16.2;
				MTL_ENABLE_DEBUG_INFO = NO;
				MTL_FAST_MATH = YES;
				SDKROOT = iphoneos;
				SWIFT_COMPILATION_MODE = wholemodule;
				SWIFT_OPTIMIZATION_LEVEL = "-O";
				VALIDATE_PRODUCT = YES;
			};
			name = Release;
		};
		D256D8EF2956D9EB000D1D09 /* Debug */ = {
			isa = XCBuildConfiguration;
			baseConfigurationReference = 48A0CC309C4E6EAD241CEED9 /* Pods-TestAllModels.debug.xcconfig */;
			buildSettings = {
				ASSETCATALOG_COMPILER_APPICON_NAME = AppIcon;
				ASSETCATALOG_COMPILER_GLOBAL_ACCENT_COLOR_NAME = AccentColor;
				CODE_SIGN_STYLE = Automatic;
				CURRENT_PROJECT_VERSION = 1;
				GENERATE_INFOPLIST_FILE = YES;
				INFOPLIST_FILE = TestAllModels/Info.plist;
				INFOPLIST_KEY_UIApplicationSupportsIndirectInputEvents = YES;
				INFOPLIST_KEY_UILaunchStoryboardName = LaunchScreen;
				INFOPLIST_KEY_UIMainStoryboardFile = Main;
				INFOPLIST_KEY_UISupportedInterfaceOrientations_iPad = "UIInterfaceOrientationPortrait UIInterfaceOrientationPortraitUpsideDown UIInterfaceOrientationLandscapeLeft UIInterfaceOrientationLandscapeRight";
				INFOPLIST_KEY_UISupportedInterfaceOrientations_iPhone = "UIInterfaceOrientationPortrait UIInterfaceOrientationLandscapeLeft UIInterfaceOrientationLandscapeRight";
				LD_RUNPATH_SEARCH_PATHS = (
					"$(inherited)",
					"@executable_path/Frameworks",
				);
				MARKETING_VERSION = 1.0;
				PRODUCT_BUNDLE_IDENTIFIER = LF.TestAllModels;
				PRODUCT_NAME = "$(TARGET_NAME)";
				SWIFT_EMIT_LOC_STRINGS = YES;
				SWIFT_VERSION = 5.0;
				TARGETED_DEVICE_FAMILY = "1,2";
			};
			name = Debug;
		};
		D256D8F02956D9EB000D1D09 /* Release */ = {
			isa = XCBuildConfiguration;
			baseConfigurationReference = BAFF0AE2F4465E8B5C687C26 /* Pods-TestAllModels.release.xcconfig */;
			buildSettings = {
				ASSETCATALOG_COMPILER_APPICON_NAME = AppIcon;
				ASSETCATALOG_COMPILER_GLOBAL_ACCENT_COLOR_NAME = AccentColor;
				CODE_SIGN_STYLE = Automatic;
				CURRENT_PROJECT_VERSION = 1;
				GENERATE_INFOPLIST_FILE = YES;
				INFOPLIST_FILE = TestAllModels/Info.plist;
				INFOPLIST_KEY_UIApplicationSupportsIndirectInputEvents = YES;
				INFOPLIST_KEY_UILaunchStoryboardName = LaunchScreen;
				INFOPLIST_KEY_UIMainStoryboardFile = Main;
				INFOPLIST_KEY_UISupportedInterfaceOrientations_iPad = "UIInterfaceOrientationPortrait UIInterfaceOrientationPortraitUpsideDown UIInterfaceOrientationLandscapeLeft UIInterfaceOrientationLandscapeRight";
				INFOPLIST_KEY_UISupportedInterfaceOrientations_iPhone = "UIInterfaceOrientationPortrait UIInterfaceOrientationLandscapeLeft UIInterfaceOrientationLandscapeRight";
				LD_RUNPATH_SEARCH_PATHS = (
					"$(inherited)",
					"@executable_path/Frameworks",
				);
				MARKETING_VERSION = 1.0;
				PRODUCT_BUNDLE_IDENTIFIER = LF.TestAllModels;
				PRODUCT_NAME = "$(TARGET_NAME)";
				SWIFT_EMIT_LOC_STRINGS = YES;
				SWIFT_VERSION = 5.0;
				TARGETED_DEVICE_FAMILY = "1,2";
			};
			name = Release;
		};
		D256D8F22956D9EB000D1D09 /* Debug */ = {
			isa = XCBuildConfiguration;
			baseConfigurationReference = 164F24947C30900A8C88FE99 /* Pods-TestAllModelsTests.debug.xcconfig */;
			buildSettings = {
				ALWAYS_EMBED_SWIFT_STANDARD_LIBRARIES = YES;
				BUNDLE_LOADER = "$(TEST_HOST)";
				CODE_SIGN_STYLE = Automatic;
				CURRENT_PROJECT_VERSION = 1;
				GENERATE_INFOPLIST_FILE = YES;
				IPHONEOS_DEPLOYMENT_TARGET = 16.2;
				MARKETING_VERSION = 1.0;
				PRODUCT_BUNDLE_IDENTIFIER = LF.TestAllModelsTests;
				PRODUCT_NAME = "$(TARGET_NAME)";
				SWIFT_EMIT_LOC_STRINGS = NO;
				SWIFT_VERSION = 5.0;
				TARGETED_DEVICE_FAMILY = "1,2";
				TEST_HOST = "$(BUILT_PRODUCTS_DIR)/TestAllModels.app/$(BUNDLE_EXECUTABLE_FOLDER_PATH)/TestAllModels";
			};
			name = Debug;
		};
		D256D8F32956D9EB000D1D09 /* Release */ = {
			isa = XCBuildConfiguration;
			baseConfigurationReference = F76AD3C7F04D45BDB7E25D43 /* Pods-TestAllModelsTests.release.xcconfig */;
			buildSettings = {
				ALWAYS_EMBED_SWIFT_STANDARD_LIBRARIES = YES;
				BUNDLE_LOADER = "$(TEST_HOST)";
				CODE_SIGN_STYLE = Automatic;
				CURRENT_PROJECT_VERSION = 1;
				GENERATE_INFOPLIST_FILE = YES;
				IPHONEOS_DEPLOYMENT_TARGET = 16.2;
				MARKETING_VERSION = 1.0;
				PRODUCT_BUNDLE_IDENTIFIER = LF.TestAllModelsTests;
				PRODUCT_NAME = "$(TARGET_NAME)";
				SWIFT_EMIT_LOC_STRINGS = NO;
				SWIFT_VERSION = 5.0;
				TARGETED_DEVICE_FAMILY = "1,2";
				TEST_HOST = "$(BUILT_PRODUCTS_DIR)/TestAllModels.app/$(BUNDLE_EXECUTABLE_FOLDER_PATH)/TestAllModels";
			};
			name = Release;
		};
		D256D8F52956D9EB000D1D09 /* Debug */ = {
			isa = XCBuildConfiguration;
			baseConfigurationReference = BC5F61881D7D060AED5818B7 /* Pods-TestAllModels-TestAllModelsUITests.debug.xcconfig */;
			buildSettings = {
				ALWAYS_EMBED_SWIFT_STANDARD_LIBRARIES = YES;
				CODE_SIGN_STYLE = Automatic;
				CURRENT_PROJECT_VERSION = 1;
				GENERATE_INFOPLIST_FILE = YES;
				MARKETING_VERSION = 1.0;
				PRODUCT_BUNDLE_IDENTIFIER = LF.TestAllModelsUITests;
				PRODUCT_NAME = "$(TARGET_NAME)";
				SWIFT_EMIT_LOC_STRINGS = NO;
				SWIFT_VERSION = 5.0;
				TARGETED_DEVICE_FAMILY = "1,2";
				TEST_TARGET_NAME = TestAllModels;
			};
			name = Debug;
		};
		D256D8F62956D9EB000D1D09 /* Release */ = {
			isa = XCBuildConfiguration;
			baseConfigurationReference = 5A65857266CD0B47D3776884 /* Pods-TestAllModels-TestAllModelsUITests.release.xcconfig */;
			buildSettings = {
				ALWAYS_EMBED_SWIFT_STANDARD_LIBRARIES = YES;
				CODE_SIGN_STYLE = Automatic;
				CURRENT_PROJECT_VERSION = 1;
				GENERATE_INFOPLIST_FILE = YES;
				MARKETING_VERSION = 1.0;
				PRODUCT_BUNDLE_IDENTIFIER = LF.TestAllModelsUITests;
				PRODUCT_NAME = "$(TARGET_NAME)";
				SWIFT_EMIT_LOC_STRINGS = NO;
				SWIFT_VERSION = 5.0;
				TARGETED_DEVICE_FAMILY = "1,2";
				TEST_TARGET_NAME = TestAllModels;
			};
			name = Release;
		};
/* End XCBuildConfiguration section */

/* Begin XCConfigurationList section */
		D256D8BF2956D9EA000D1D09 /* Build configuration list for PBXProject "TestAllModels" */ = {
			isa = XCConfigurationList;
			buildConfigurations = (
				D256D8EC2956D9EB000D1D09 /* Debug */,
				D256D8ED2956D9EB000D1D09 /* Release */,
			);
			defaultConfigurationIsVisible = 0;
			defaultConfigurationName = Release;
		};
		D256D8EE2956D9EB000D1D09 /* Build configuration list for PBXNativeTarget "TestAllModels" */ = {
			isa = XCConfigurationList;
			buildConfigurations = (
				D256D8EF2956D9EB000D1D09 /* Debug */,
				D256D8F02956D9EB000D1D09 /* Release */,
			);
			defaultConfigurationIsVisible = 0;
			defaultConfigurationName = Release;
		};
		D256D8F12956D9EB000D1D09 /* Build configuration list for PBXNativeTarget "TestAllModelsTests" */ = {
			isa = XCConfigurationList;
			buildConfigurations = (
				D256D8F22956D9EB000D1D09 /* Debug */,
				D256D8F32956D9EB000D1D09 /* Release */,
			);
			defaultConfigurationIsVisible = 0;
			defaultConfigurationName = Release;
		};
		D256D8F42956D9EB000D1D09 /* Build configuration list for PBXNativeTarget "TestAllModelsUITests" */ = {
			isa = XCConfigurationList;
			buildConfigurations = (
				D256D8F52956D9EB000D1D09 /* Debug */,
				D256D8F62956D9EB000D1D09 /* Release */,
			);
			defaultConfigurationIsVisible = 0;
			defaultConfigurationName = Release;
		};
/* End XCConfigurationList section */
	};
	rootObject = D256D8BC2956D9EA000D1D09 /* Project object */;
}
